
Microsoft Visual Studio Solution File, Format Version 12.00
# Visual Studio 2015
Project("{FAE04EC0-301F-11D3-BF4B-00C04F79EFBC}") = "Boardgame", "Boardgame.csproj", "{1063048B-1466-9ADB-BB7B-58F108E319CD}"
EndProject
Project("{FAE04EC0-301F-11D3-BF4B-00C04F79EFBC}") = "Boardgame.Editor", "Boardgame.Editor.csproj", "{B9F37407-0E89-73D8-AC9D-8788D89BC2A1}"
EndProject
Global
	GlobalSection(SolutionConfigurationPlatforms) = preSolution
		Debug|Any CPU = Debug|Any CPU
		Release|Any CPU = Release|Any CPU
	EndGlobalSection
	GlobalSection(ProjectConfigurationPlatforms) = postSolution
		{1063048B-1466-9ADB-BB7B-58F108E319CD}.Debug|Any CPU.ActiveCfg = Debug|Any CPU
		{1063048B-1466-9ADB-BB7B-58F108E319CD}.Debug|Any CPU.Build.0 = Debug|Any CPU
		{1063048B-1466-9ADB-BB7B-58F108E319CD}.Release|Any CPU.ActiveCfg = Release|Any CPU
		{1063048B-1466-9ADB-BB7B-58F108E319CD}.Release|Any CPU.Build.0 = Release|Any CPU
		{B9F37407-0E89-73D8-AC9D-8788D89BC2A1}.Debug|Any CPU.ActiveCfg = Debug|Any CPU
		{B9F37407-0E89-73D8-AC9D-8788D89BC2A1}.Debug|Any CPU.Build.0 = Debug|Any CPU
		{B9F37407-0E89-73D8-AC9D-8788D89BC2A1}.Release|Any CPU.ActiveCfg = Release|Any CPU
		{B9F37407-0E89-73D8-AC9D-8788D89BC2A1}.Release|Any CPU.Build.0 = Release|Any CPU
	EndGlobalSection
	GlobalSection(SolutionProperties) = preSolution
		HideSolutionNode = FALSE
	EndGlobalSection
EndGlobal
